
Microsoft Visual Studio Solution File, Format Version 12.00
# Visual Studio Version 17
VisualStudioVersion = 17.14.36623.8 d17.14
MinimumVisualStudioVersion = 10.0.40219.1
Project("{FAE04EC0-301F-11D3-BF4B-00C04F79EFBC}") = "lesson124", "lesson124.csproj", "{D3B482EA-A828-438C-B0A1-02AC81787C40}"
EndProject
Global
	GlobalSection(SolutionConfigurationPlatforms) = preSolution
		Debug|Any CPU = Debug|Any CPU
		Release|Any CPU = Release|Any CPU
	EndGlobalSection
	GlobalSection(ProjectConfigurationPlatforms) = postSolution
		{D3B482EA-A828-438C-B0A1-02AC81787C40}.Debug|Any CPU.ActiveCfg = Debug|Any CPU
		{D3B482EA-A828-438C-B0A1-02AC81787C40}.Debug|Any CPU.Build.0 = Debug|Any CPU
		{D3B482EA-A828-438C-B0A1-02AC81787C40}.Release|Any CPU.ActiveCfg = Release|Any CPU
		{D3B482EA-A828-438C-B0A1-02AC81787C40}.Release|Any CPU.Build.0 = Release|Any CPU
	EndGlobalSection
	GlobalSection(SolutionProperties) = preSolution
		HideSolutionNode = FALSE
	EndGlobalSection
	GlobalSection(ExtensibilityGlobals) = postSolution
		SolutionGuid = {C16E2246-F94D-4715-A37A-C0429749B177}
	EndGlobalSection
EndGlobal
