
Microsoft Visual Studio Solution File, Format Version 12.00
# Visual Studio Version 17
VisualStudioVersion = 17.14.36623.8 d17.14
MinimumVisualStudioVersion = 10.0.40219.1
Project("{FAE04EC0-301F-11D3-BF4B-00C04F79EFBC}") = "lesson091", "lesson091.csproj", "{8E7A6FCF-5817-494D-9561-A61B921293DB}"
EndProject
Global
	GlobalSection(SolutionConfigurationPlatforms) = preSolution
		Debug|Any CPU = Debug|Any CPU
		Release|Any CPU = Release|Any CPU
	EndGlobalSection
	GlobalSection(ProjectConfigurationPlatforms) = postSolution
		{8E7A6FCF-5817-494D-9561-A61B921293DB}.Debug|Any CPU.ActiveCfg = Debug|Any CPU
		{8E7A6FCF-5817-494D-9561-A61B921293DB}.Debug|Any CPU.Build.0 = Debug|Any CPU
		{8E7A6FCF-5817-494D-9561-A61B921293DB}.Release|Any CPU.ActiveCfg = Release|Any CPU
		{8E7A6FCF-5817-494D-9561-A61B921293DB}.Release|Any CPU.Build.0 = Release|Any CPU
	EndGlobalSection
	GlobalSection(SolutionProperties) = preSolution
		HideSolutionNode = FALSE
	EndGlobalSection
	GlobalSection(ExtensibilityGlobals) = postSolution
		SolutionGuid = {81AE0988-9E50-4768-AEFF-E58344C2B4D9}
	EndGlobalSection
EndGlobal
