
Microsoft Visual Studio Solution File, Format Version 12.00
# Visual Studio Version 17
VisualStudioVersion = 17.14.36623.8 d17.14
MinimumVisualStudioVersion = 10.0.40219.1
Project("{FAE04EC0-301F-11D3-BF4B-00C04F79EFBC}") = "lesson025", "lesson025.csproj", "{0440077F-B4A8-44ED-A518-7F15B22020F1}"
EndProject
Global
	GlobalSection(SolutionConfigurationPlatforms) = preSolution
		Debug|Any CPU = Debug|Any CPU
		Release|Any CPU = Release|Any CPU
	EndGlobalSection
	GlobalSection(ProjectConfigurationPlatforms) = postSolution
		{0440077F-B4A8-44ED-A518-7F15B22020F1}.Debug|Any CPU.ActiveCfg = Debug|Any CPU
		{0440077F-B4A8-44ED-A518-7F15B22020F1}.Debug|Any CPU.Build.0 = Debug|Any CPU
		{0440077F-B4A8-44ED-A518-7F15B22020F1}.Release|Any CPU.ActiveCfg = Release|Any CPU
		{0440077F-B4A8-44ED-A518-7F15B22020F1}.Release|Any CPU.Build.0 = Release|Any CPU
	EndGlobalSection
	GlobalSection(SolutionProperties) = preSolution
		HideSolutionNode = FALSE
	EndGlobalSection
	GlobalSection(ExtensibilityGlobals) = postSolution
		SolutionGuid = {058010F4-1B53-42DD-8EBB-06F6F64D68F3}
	EndGlobalSection
EndGlobal
