
Microsoft Visual Studio Solution File, Format Version 12.00
# Visual Studio Version 17
VisualStudioVersion = 17.14.36623.8 d17.14
MinimumVisualStudioVersion = 10.0.40219.1
Project("{FAE04EC0-301F-11D3-BF4B-00C04F79EFBC}") = "lesson031", "lesson031.csproj", "{BFAE69CB-2B21-4801-926C-680C31E916D4}"
EndProject
Global
	GlobalSection(SolutionConfigurationPlatforms) = preSolution
		Debug|Any CPU = Debug|Any CPU
		Release|Any CPU = Release|Any CPU
	EndGlobalSection
	GlobalSection(ProjectConfigurationPlatforms) = postSolution
		{BFAE69CB-2B21-4801-926C-680C31E916D4}.Debug|Any CPU.ActiveCfg = Debug|Any CPU
		{BFAE69CB-2B21-4801-926C-680C31E916D4}.Debug|Any CPU.Build.0 = Debug|Any CPU
		{BFAE69CB-2B21-4801-926C-680C31E916D4}.Release|Any CPU.ActiveCfg = Release|Any CPU
		{BFAE69CB-2B21-4801-926C-680C31E916D4}.Release|Any CPU.Build.0 = Release|Any CPU
	EndGlobalSection
	GlobalSection(SolutionProperties) = preSolution
		HideSolutionNode = FALSE
	EndGlobalSection
	GlobalSection(ExtensibilityGlobals) = postSolution
		SolutionGuid = {BFFF0400-CF1D-4D63-9633-7404896A14F5}
	EndGlobalSection
EndGlobal
