
Microsoft Visual Studio Solution File, Format Version 12.00
# Visual Studio Version 17
VisualStudioVersion = 17.14.36623.8 d17.14
MinimumVisualStudioVersion = 10.0.40219.1
Project("{FAE04EC0-301F-11D3-BF4B-00C04F79EFBC}") = "lesson127", "lesson127.csproj", "{62DB2CF4-2B3C-404C-BE74-8A1132A8859E}"
EndProject
Global
	GlobalSection(SolutionConfigurationPlatforms) = preSolution
		Debug|Any CPU = Debug|Any CPU
		Release|Any CPU = Release|Any CPU
	EndGlobalSection
	GlobalSection(ProjectConfigurationPlatforms) = postSolution
		{62DB2CF4-2B3C-404C-BE74-8A1132A8859E}.Debug|Any CPU.ActiveCfg = Debug|Any CPU
		{62DB2CF4-2B3C-404C-BE74-8A1132A8859E}.Debug|Any CPU.Build.0 = Debug|Any CPU
		{62DB2CF4-2B3C-404C-BE74-8A1132A8859E}.Release|Any CPU.ActiveCfg = Release|Any CPU
		{62DB2CF4-2B3C-404C-BE74-8A1132A8859E}.Release|Any CPU.Build.0 = Release|Any CPU
	EndGlobalSection
	GlobalSection(SolutionProperties) = preSolution
		HideSolutionNode = FALSE
	EndGlobalSection
	GlobalSection(ExtensibilityGlobals) = postSolution
		SolutionGuid = {70F630DC-D9B0-4B2D-86AC-F075FEDA726B}
	EndGlobalSection
EndGlobal
