
Microsoft Visual Studio Solution File, Format Version 12.00
# Visual Studio Version 17
VisualStudioVersion = 17.14.36623.8 d17.14
MinimumVisualStudioVersion = 10.0.40219.1
Project("{FAE04EC0-301F-11D3-BF4B-00C04F79EFBC}") = "lesson018", "lesson018.csproj", "{168D24E6-F17A-435E-9A04-AD719BA9398A}"
EndProject
Global
	GlobalSection(SolutionConfigurationPlatforms) = preSolution
		Debug|Any CPU = Debug|Any CPU
		Release|Any CPU = Release|Any CPU
	EndGlobalSection
	GlobalSection(ProjectConfigurationPlatforms) = postSolution
		{168D24E6-F17A-435E-9A04-AD719BA9398A}.Debug|Any CPU.ActiveCfg = Debug|Any CPU
		{168D24E6-F17A-435E-9A04-AD719BA9398A}.Debug|Any CPU.Build.0 = Debug|Any CPU
		{168D24E6-F17A-435E-9A04-AD719BA9398A}.Release|Any CPU.ActiveCfg = Release|Any CPU
		{168D24E6-F17A-435E-9A04-AD719BA9398A}.Release|Any CPU.Build.0 = Release|Any CPU
	EndGlobalSection
	GlobalSection(SolutionProperties) = preSolution
		HideSolutionNode = FALSE
	EndGlobalSection
	GlobalSection(ExtensibilityGlobals) = postSolution
		SolutionGuid = {5C4A434E-520C-47E7-8DB1-48D675E29199}
	EndGlobalSection
EndGlobal
