
Microsoft Visual Studio Solution File, Format Version 12.00
# Visual Studio Version 17
VisualStudioVersion = 17.14.36623.8 d17.14
MinimumVisualStudioVersion = 10.0.40219.1
Project("{FAE04EC0-301F-11D3-BF4B-00C04F79EFBC}") = "lesson140", "lesson140.csproj", "{FC671306-9763-4E33-9E7A-925CE36A374A}"
EndProject
Global
	GlobalSection(SolutionConfigurationPlatforms) = preSolution
		Debug|Any CPU = Debug|Any CPU
		Release|Any CPU = Release|Any CPU
	EndGlobalSection
	GlobalSection(ProjectConfigurationPlatforms) = postSolution
		{FC671306-9763-4E33-9E7A-925CE36A374A}.Debug|Any CPU.ActiveCfg = Debug|Any CPU
		{FC671306-9763-4E33-9E7A-925CE36A374A}.Debug|Any CPU.Build.0 = Debug|Any CPU
		{FC671306-9763-4E33-9E7A-925CE36A374A}.Release|Any CPU.ActiveCfg = Release|Any CPU
		{FC671306-9763-4E33-9E7A-925CE36A374A}.Release|Any CPU.Build.0 = Release|Any CPU
	EndGlobalSection
	GlobalSection(SolutionProperties) = preSolution
		HideSolutionNode = FALSE
	EndGlobalSection
	GlobalSection(ExtensibilityGlobals) = postSolution
		SolutionGuid = {32C1297C-6141-42B5-A26D-62BBA0A13257}
	EndGlobalSection
EndGlobal
