
Microsoft Visual Studio Solution File, Format Version 12.00
# Visual Studio Version 17
VisualStudioVersion = 17.14.36623.8 d17.14
MinimumVisualStudioVersion = 10.0.40219.1
Project("{FAE04EC0-301F-11D3-BF4B-00C04F79EFBC}") = "lesson117", "lesson117.csproj", "{64E329E5-771C-4803-BD62-4F0976C5CC2B}"
EndProject
Global
	GlobalSection(SolutionConfigurationPlatforms) = preSolution
		Debug|Any CPU = Debug|Any CPU
		Release|Any CPU = Release|Any CPU
	EndGlobalSection
	GlobalSection(ProjectConfigurationPlatforms) = postSolution
		{64E329E5-771C-4803-BD62-4F0976C5CC2B}.Debug|Any CPU.ActiveCfg = Debug|Any CPU
		{64E329E5-771C-4803-BD62-4F0976C5CC2B}.Debug|Any CPU.Build.0 = Debug|Any CPU
		{64E329E5-771C-4803-BD62-4F0976C5CC2B}.Release|Any CPU.ActiveCfg = Release|Any CPU
		{64E329E5-771C-4803-BD62-4F0976C5CC2B}.Release|Any CPU.Build.0 = Release|Any CPU
	EndGlobalSection
	GlobalSection(SolutionProperties) = preSolution
		HideSolutionNode = FALSE
	EndGlobalSection
	GlobalSection(ExtensibilityGlobals) = postSolution
		SolutionGuid = {D13D3F68-D84C-461F-9B18-B3F3943C316F}
	EndGlobalSection
EndGlobal
