
Microsoft Visual Studio Solution File, Format Version 12.00
# Visual Studio Version 17
VisualStudioVersion = 17.14.36623.8 d17.14
MinimumVisualStudioVersion = 10.0.40219.1
Project("{FAE04EC0-301F-11D3-BF4B-00C04F79EFBC}") = "lesson023", "lesson023.csproj", "{1C9FF740-9260-4962-AA5E-F8DC4ADD1486}"
EndProject
Global
	GlobalSection(SolutionConfigurationPlatforms) = preSolution
		Debug|Any CPU = Debug|Any CPU
		Release|Any CPU = Release|Any CPU
	EndGlobalSection
	GlobalSection(ProjectConfigurationPlatforms) = postSolution
		{1C9FF740-9260-4962-AA5E-F8DC4ADD1486}.Debug|Any CPU.ActiveCfg = Debug|Any CPU
		{1C9FF740-9260-4962-AA5E-F8DC4ADD1486}.Debug|Any CPU.Build.0 = Debug|Any CPU
		{1C9FF740-9260-4962-AA5E-F8DC4ADD1486}.Release|Any CPU.ActiveCfg = Release|Any CPU
		{1C9FF740-9260-4962-AA5E-F8DC4ADD1486}.Release|Any CPU.Build.0 = Release|Any CPU
	EndGlobalSection
	GlobalSection(SolutionProperties) = preSolution
		HideSolutionNode = FALSE
	EndGlobalSection
	GlobalSection(ExtensibilityGlobals) = postSolution
		SolutionGuid = {285C9F31-CCAD-4F26-8FFB-A7DB7D4753DE}
	EndGlobalSection
EndGlobal
