
Microsoft Visual Studio Solution File, Format Version 12.00
# Visual Studio Version 17
VisualStudioVersion = 17.14.36623.8 d17.14
MinimumVisualStudioVersion = 10.0.40219.1
Project("{FAE04EC0-301F-11D3-BF4B-00C04F79EFBC}") = "lesson046", "lesson046.csproj", "{3F8EB124-F8A1-42B7-96D2-3B96700EADFF}"
EndProject
Global
	GlobalSection(SolutionConfigurationPlatforms) = preSolution
		Debug|Any CPU = Debug|Any CPU
		Release|Any CPU = Release|Any CPU
	EndGlobalSection
	GlobalSection(ProjectConfigurationPlatforms) = postSolution
		{3F8EB124-F8A1-42B7-96D2-3B96700EADFF}.Debug|Any CPU.ActiveCfg = Debug|Any CPU
		{3F8EB124-F8A1-42B7-96D2-3B96700EADFF}.Debug|Any CPU.Build.0 = Debug|Any CPU
		{3F8EB124-F8A1-42B7-96D2-3B96700EADFF}.Release|Any CPU.ActiveCfg = Release|Any CPU
		{3F8EB124-F8A1-42B7-96D2-3B96700EADFF}.Release|Any CPU.Build.0 = Release|Any CPU
	EndGlobalSection
	GlobalSection(SolutionProperties) = preSolution
		HideSolutionNode = FALSE
	EndGlobalSection
	GlobalSection(ExtensibilityGlobals) = postSolution
		SolutionGuid = {B1B9A5F4-8F2D-4CB0-BEBF-C200394595C3}
	EndGlobalSection
EndGlobal
