
Microsoft Visual Studio Solution File, Format Version 12.00
# Visual Studio Version 17
VisualStudioVersion = 17.14.36623.8 d17.14
MinimumVisualStudioVersion = 10.0.40219.1
Project("{FAE04EC0-301F-11D3-BF4B-00C04F79EFBC}") = "lesson131", "lesson131.csproj", "{793185FA-52E6-4B5F-A3AD-89A79D8E42EB}"
EndProject
Global
	GlobalSection(SolutionConfigurationPlatforms) = preSolution
		Debug|Any CPU = Debug|Any CPU
		Release|Any CPU = Release|Any CPU
	EndGlobalSection
	GlobalSection(ProjectConfigurationPlatforms) = postSolution
		{793185FA-52E6-4B5F-A3AD-89A79D8E42EB}.Debug|Any CPU.ActiveCfg = Debug|Any CPU
		{793185FA-52E6-4B5F-A3AD-89A79D8E42EB}.Debug|Any CPU.Build.0 = Debug|Any CPU
		{793185FA-52E6-4B5F-A3AD-89A79D8E42EB}.Release|Any CPU.ActiveCfg = Release|Any CPU
		{793185FA-52E6-4B5F-A3AD-89A79D8E42EB}.Release|Any CPU.Build.0 = Release|Any CPU
	EndGlobalSection
	GlobalSection(SolutionProperties) = preSolution
		HideSolutionNode = FALSE
	EndGlobalSection
	GlobalSection(ExtensibilityGlobals) = postSolution
		SolutionGuid = {28C954C2-3CEC-4E38-8EF7-3F751785F2A3}
	EndGlobalSection
EndGlobal
