
Microsoft Visual Studio Solution File, Format Version 12.00
# Visual Studio Version 17
VisualStudioVersion = 17.14.36623.8 d17.14
MinimumVisualStudioVersion = 10.0.40219.1
Project("{FAE04EC0-301F-11D3-BF4B-00C04F79EFBC}") = "lesson114", "lesson114.csproj", "{155D6C83-D9B1-40B9-B924-FD73906E02B3}"
EndProject
Global
	GlobalSection(SolutionConfigurationPlatforms) = preSolution
		Debug|Any CPU = Debug|Any CPU
		Release|Any CPU = Release|Any CPU
	EndGlobalSection
	GlobalSection(ProjectConfigurationPlatforms) = postSolution
		{155D6C83-D9B1-40B9-B924-FD73906E02B3}.Debug|Any CPU.ActiveCfg = Debug|Any CPU
		{155D6C83-D9B1-40B9-B924-FD73906E02B3}.Debug|Any CPU.Build.0 = Debug|Any CPU
		{155D6C83-D9B1-40B9-B924-FD73906E02B3}.Release|Any CPU.ActiveCfg = Release|Any CPU
		{155D6C83-D9B1-40B9-B924-FD73906E02B3}.Release|Any CPU.Build.0 = Release|Any CPU
	EndGlobalSection
	GlobalSection(SolutionProperties) = preSolution
		HideSolutionNode = FALSE
	EndGlobalSection
	GlobalSection(ExtensibilityGlobals) = postSolution
		SolutionGuid = {F70308F0-B62F-44CE-ADD3-780E47D4B6E4}
	EndGlobalSection
EndGlobal
