
Microsoft Visual Studio Solution File, Format Version 12.00
# Visual Studio Version 17
VisualStudioVersion = 17.14.36623.8 d17.14
MinimumVisualStudioVersion = 10.0.40219.1
Project("{FAE04EC0-301F-11D3-BF4B-00C04F79EFBC}") = "lesson137", "lesson137.csproj", "{919AE519-D9DF-404B-BBB2-83AF706345E2}"
EndProject
Global
	GlobalSection(SolutionConfigurationPlatforms) = preSolution
		Debug|Any CPU = Debug|Any CPU
		Release|Any CPU = Release|Any CPU
	EndGlobalSection
	GlobalSection(ProjectConfigurationPlatforms) = postSolution
		{919AE519-D9DF-404B-BBB2-83AF706345E2}.Debug|Any CPU.ActiveCfg = Debug|Any CPU
		{919AE519-D9DF-404B-BBB2-83AF706345E2}.Debug|Any CPU.Build.0 = Debug|Any CPU
		{919AE519-D9DF-404B-BBB2-83AF706345E2}.Release|Any CPU.ActiveCfg = Release|Any CPU
		{919AE519-D9DF-404B-BBB2-83AF706345E2}.Release|Any CPU.Build.0 = Release|Any CPU
	EndGlobalSection
	GlobalSection(SolutionProperties) = preSolution
		HideSolutionNode = FALSE
	EndGlobalSection
	GlobalSection(ExtensibilityGlobals) = postSolution
		SolutionGuid = {0835F7DB-6EF7-4BDF-A286-A209F51A30AC}
	EndGlobalSection
EndGlobal
