
Microsoft Visual Studio Solution File, Format Version 12.00
# Visual Studio Version 17
VisualStudioVersion = 17.14.36623.8 d17.14
MinimumVisualStudioVersion = 10.0.40219.1
Project("{FAE04EC0-301F-11D3-BF4B-00C04F79EFBC}") = "lesson145", "lesson145.csproj", "{E0079013-36E7-4B6E-85E4-B9ADFB544220}"
EndProject
Global
	GlobalSection(SolutionConfigurationPlatforms) = preSolution
		Debug|Any CPU = Debug|Any CPU
		Release|Any CPU = Release|Any CPU
	EndGlobalSection
	GlobalSection(ProjectConfigurationPlatforms) = postSolution
		{E0079013-36E7-4B6E-85E4-B9ADFB544220}.Debug|Any CPU.ActiveCfg = Debug|Any CPU
		{E0079013-36E7-4B6E-85E4-B9ADFB544220}.Debug|Any CPU.Build.0 = Debug|Any CPU
		{E0079013-36E7-4B6E-85E4-B9ADFB544220}.Release|Any CPU.ActiveCfg = Release|Any CPU
		{E0079013-36E7-4B6E-85E4-B9ADFB544220}.Release|Any CPU.Build.0 = Release|Any CPU
	EndGlobalSection
	GlobalSection(SolutionProperties) = preSolution
		HideSolutionNode = FALSE
	EndGlobalSection
	GlobalSection(ExtensibilityGlobals) = postSolution
		SolutionGuid = {BC92793B-47B6-4879-8783-EF96B092FA7B}
	EndGlobalSection
EndGlobal
