
Microsoft Visual Studio Solution File, Format Version 12.00
# Visual Studio Version 17
VisualStudioVersion = 17.14.36623.8 d17.14
MinimumVisualStudioVersion = 10.0.40219.1
Project("{FAE04EC0-301F-11D3-BF4B-00C04F79EFBC}") = "lesson149", "lesson149.csproj", "{117265B8-17D8-43F0-B40D-9E8E4AD05A81}"
EndProject
Global
	GlobalSection(SolutionConfigurationPlatforms) = preSolution
		Debug|Any CPU = Debug|Any CPU
		Release|Any CPU = Release|Any CPU
	EndGlobalSection
	GlobalSection(ProjectConfigurationPlatforms) = postSolution
		{117265B8-17D8-43F0-B40D-9E8E4AD05A81}.Debug|Any CPU.ActiveCfg = Debug|Any CPU
		{117265B8-17D8-43F0-B40D-9E8E4AD05A81}.Debug|Any CPU.Build.0 = Debug|Any CPU
		{117265B8-17D8-43F0-B40D-9E8E4AD05A81}.Release|Any CPU.ActiveCfg = Release|Any CPU
		{117265B8-17D8-43F0-B40D-9E8E4AD05A81}.Release|Any CPU.Build.0 = Release|Any CPU
	EndGlobalSection
	GlobalSection(SolutionProperties) = preSolution
		HideSolutionNode = FALSE
	EndGlobalSection
	GlobalSection(ExtensibilityGlobals) = postSolution
		SolutionGuid = {5864D53E-CF83-4A69-9E42-2410D14F98E2}
	EndGlobalSection
EndGlobal
