
Microsoft Visual Studio Solution File, Format Version 12.00
# Visual Studio Version 17
VisualStudioVersion = 17.14.36623.8 d17.14
MinimumVisualStudioVersion = 10.0.40219.1
Project("{FAE04EC0-301F-11D3-BF4B-00C04F79EFBC}") = "lesson096", "lesson096.csproj", "{7B483668-A7D1-4EF2-9F8F-D9D523980409}"
EndProject
Global
	GlobalSection(SolutionConfigurationPlatforms) = preSolution
		Debug|Any CPU = Debug|Any CPU
		Release|Any CPU = Release|Any CPU
	EndGlobalSection
	GlobalSection(ProjectConfigurationPlatforms) = postSolution
		{7B483668-A7D1-4EF2-9F8F-D9D523980409}.Debug|Any CPU.ActiveCfg = Debug|Any CPU
		{7B483668-A7D1-4EF2-9F8F-D9D523980409}.Debug|Any CPU.Build.0 = Debug|Any CPU
		{7B483668-A7D1-4EF2-9F8F-D9D523980409}.Release|Any CPU.ActiveCfg = Release|Any CPU
		{7B483668-A7D1-4EF2-9F8F-D9D523980409}.Release|Any CPU.Build.0 = Release|Any CPU
	EndGlobalSection
	GlobalSection(SolutionProperties) = preSolution
		HideSolutionNode = FALSE
	EndGlobalSection
	GlobalSection(ExtensibilityGlobals) = postSolution
		SolutionGuid = {4B2C8125-F955-42C3-855F-356D8CB7352A}
	EndGlobalSection
EndGlobal
