
Microsoft Visual Studio Solution File, Format Version 12.00
# Visual Studio Version 17
VisualStudioVersion = 17.14.36623.8 d17.14
MinimumVisualStudioVersion = 10.0.40219.1
Project("{FAE04EC0-301F-11D3-BF4B-00C04F79EFBC}") = "lesson090", "lesson090.csproj", "{24883213-7ED8-4139-937B-3861B5B71744}"
EndProject
Global
	GlobalSection(SolutionConfigurationPlatforms) = preSolution
		Debug|Any CPU = Debug|Any CPU
		Release|Any CPU = Release|Any CPU
	EndGlobalSection
	GlobalSection(ProjectConfigurationPlatforms) = postSolution
		{24883213-7ED8-4139-937B-3861B5B71744}.Debug|Any CPU.ActiveCfg = Debug|Any CPU
		{24883213-7ED8-4139-937B-3861B5B71744}.Debug|Any CPU.Build.0 = Debug|Any CPU
		{24883213-7ED8-4139-937B-3861B5B71744}.Release|Any CPU.ActiveCfg = Release|Any CPU
		{24883213-7ED8-4139-937B-3861B5B71744}.Release|Any CPU.Build.0 = Release|Any CPU
	EndGlobalSection
	GlobalSection(SolutionProperties) = preSolution
		HideSolutionNode = FALSE
	EndGlobalSection
	GlobalSection(ExtensibilityGlobals) = postSolution
		SolutionGuid = {A8477CB1-7D42-4A09-A60E-873104E86474}
	EndGlobalSection
EndGlobal
