
Microsoft Visual Studio Solution File, Format Version 12.00
# Visual Studio Version 17
VisualStudioVersion = 17.14.36623.8 d17.14
MinimumVisualStudioVersion = 10.0.40219.1
Project("{FAE04EC0-301F-11D3-BF4B-00C04F79EFBC}") = "lesson060", "lesson060.csproj", "{7DE0E9C9-DB90-4325-9F6A-0FA6385A926E}"
EndProject
Global
	GlobalSection(SolutionConfigurationPlatforms) = preSolution
		Debug|Any CPU = Debug|Any CPU
		Release|Any CPU = Release|Any CPU
	EndGlobalSection
	GlobalSection(ProjectConfigurationPlatforms) = postSolution
		{7DE0E9C9-DB90-4325-9F6A-0FA6385A926E}.Debug|Any CPU.ActiveCfg = Debug|Any CPU
		{7DE0E9C9-DB90-4325-9F6A-0FA6385A926E}.Debug|Any CPU.Build.0 = Debug|Any CPU
		{7DE0E9C9-DB90-4325-9F6A-0FA6385A926E}.Release|Any CPU.ActiveCfg = Release|Any CPU
		{7DE0E9C9-DB90-4325-9F6A-0FA6385A926E}.Release|Any CPU.Build.0 = Release|Any CPU
	EndGlobalSection
	GlobalSection(SolutionProperties) = preSolution
		HideSolutionNode = FALSE
	EndGlobalSection
	GlobalSection(ExtensibilityGlobals) = postSolution
		SolutionGuid = {9D48A74A-CECE-45D0-89D5-AC4909A5D8F3}
	EndGlobalSection
EndGlobal
