
Microsoft Visual Studio Solution File, Format Version 12.00
# Visual Studio Version 17
VisualStudioVersion = 17.14.36623.8 d17.14
MinimumVisualStudioVersion = 10.0.40219.1
Project("{FAE04EC0-301F-11D3-BF4B-00C04F79EFBC}") = "lesson129", "lesson129.csproj", "{FA98DBBF-4069-434C-BC3B-55BDEDDE7304}"
EndProject
Global
	GlobalSection(SolutionConfigurationPlatforms) = preSolution
		Debug|Any CPU = Debug|Any CPU
		Release|Any CPU = Release|Any CPU
	EndGlobalSection
	GlobalSection(ProjectConfigurationPlatforms) = postSolution
		{FA98DBBF-4069-434C-BC3B-55BDEDDE7304}.Debug|Any CPU.ActiveCfg = Debug|Any CPU
		{FA98DBBF-4069-434C-BC3B-55BDEDDE7304}.Debug|Any CPU.Build.0 = Debug|Any CPU
		{FA98DBBF-4069-434C-BC3B-55BDEDDE7304}.Release|Any CPU.ActiveCfg = Release|Any CPU
		{FA98DBBF-4069-434C-BC3B-55BDEDDE7304}.Release|Any CPU.Build.0 = Release|Any CPU
	EndGlobalSection
	GlobalSection(SolutionProperties) = preSolution
		HideSolutionNode = FALSE
	EndGlobalSection
	GlobalSection(ExtensibilityGlobals) = postSolution
		SolutionGuid = {C501595F-7731-4A23-8607-0C98485C709B}
	EndGlobalSection
EndGlobal
