
Microsoft Visual Studio Solution File, Format Version 12.00
# Visual Studio Version 17
VisualStudioVersion = 17.14.36623.8 d17.14
MinimumVisualStudioVersion = 10.0.40219.1
Project("{FAE04EC0-301F-11D3-BF4B-00C04F79EFBC}") = "lesson119", "lesson119.csproj", "{DB1F0080-BDD8-4D52-86ED-01055CCE0C5A}"
EndProject
Global
	GlobalSection(SolutionConfigurationPlatforms) = preSolution
		Debug|Any CPU = Debug|Any CPU
		Release|Any CPU = Release|Any CPU
	EndGlobalSection
	GlobalSection(ProjectConfigurationPlatforms) = postSolution
		{DB1F0080-BDD8-4D52-86ED-01055CCE0C5A}.Debug|Any CPU.ActiveCfg = Debug|Any CPU
		{DB1F0080-BDD8-4D52-86ED-01055CCE0C5A}.Debug|Any CPU.Build.0 = Debug|Any CPU
		{DB1F0080-BDD8-4D52-86ED-01055CCE0C5A}.Release|Any CPU.ActiveCfg = Release|Any CPU
		{DB1F0080-BDD8-4D52-86ED-01055CCE0C5A}.Release|Any CPU.Build.0 = Release|Any CPU
	EndGlobalSection
	GlobalSection(SolutionProperties) = preSolution
		HideSolutionNode = FALSE
	EndGlobalSection
	GlobalSection(ExtensibilityGlobals) = postSolution
		SolutionGuid = {E3CD2C47-887A-40EB-9488-958EC36F0132}
	EndGlobalSection
EndGlobal
