
Microsoft Visual Studio Solution File, Format Version 12.00
# Visual Studio Version 17
VisualStudioVersion = 17.14.36623.8 d17.14
MinimumVisualStudioVersion = 10.0.40219.1
Project("{FAE04EC0-301F-11D3-BF4B-00C04F79EFBC}") = "lesson108", "lesson108.csproj", "{6195AC1D-8BF5-4598-9326-EA57F983A36C}"
EndProject
Global
	GlobalSection(SolutionConfigurationPlatforms) = preSolution
		Debug|Any CPU = Debug|Any CPU
		Release|Any CPU = Release|Any CPU
	EndGlobalSection
	GlobalSection(ProjectConfigurationPlatforms) = postSolution
		{6195AC1D-8BF5-4598-9326-EA57F983A36C}.Debug|Any CPU.ActiveCfg = Debug|Any CPU
		{6195AC1D-8BF5-4598-9326-EA57F983A36C}.Debug|Any CPU.Build.0 = Debug|Any CPU
		{6195AC1D-8BF5-4598-9326-EA57F983A36C}.Release|Any CPU.ActiveCfg = Release|Any CPU
		{6195AC1D-8BF5-4598-9326-EA57F983A36C}.Release|Any CPU.Build.0 = Release|Any CPU
	EndGlobalSection
	GlobalSection(SolutionProperties) = preSolution
		HideSolutionNode = FALSE
	EndGlobalSection
	GlobalSection(ExtensibilityGlobals) = postSolution
		SolutionGuid = {8AF99A28-075E-4037-988C-200E2CBBC589}
	EndGlobalSection
EndGlobal
