
Microsoft Visual Studio Solution File, Format Version 12.00
# Visual Studio Version 17
VisualStudioVersion = 17.14.36623.8 d17.14
MinimumVisualStudioVersion = 10.0.40219.1
Project("{FAE04EC0-301F-11D3-BF4B-00C04F79EFBC}") = "lesson071", "lesson071.csproj", "{CD0B3849-2AD4-425A-95C5-CF0B91556780}"
EndProject
Global
	GlobalSection(SolutionConfigurationPlatforms) = preSolution
		Debug|Any CPU = Debug|Any CPU
		Release|Any CPU = Release|Any CPU
	EndGlobalSection
	GlobalSection(ProjectConfigurationPlatforms) = postSolution
		{CD0B3849-2AD4-425A-95C5-CF0B91556780}.Debug|Any CPU.ActiveCfg = Debug|Any CPU
		{CD0B3849-2AD4-425A-95C5-CF0B91556780}.Debug|Any CPU.Build.0 = Debug|Any CPU
		{CD0B3849-2AD4-425A-95C5-CF0B91556780}.Release|Any CPU.ActiveCfg = Release|Any CPU
		{CD0B3849-2AD4-425A-95C5-CF0B91556780}.Release|Any CPU.Build.0 = Release|Any CPU
	EndGlobalSection
	GlobalSection(SolutionProperties) = preSolution
		HideSolutionNode = FALSE
	EndGlobalSection
	GlobalSection(ExtensibilityGlobals) = postSolution
		SolutionGuid = {C844D679-155F-4325-A509-D75AB13CF3E6}
	EndGlobalSection
EndGlobal
