
Microsoft Visual Studio Solution File, Format Version 12.00
# Visual Studio Version 17
VisualStudioVersion = 17.14.36623.8 d17.14
MinimumVisualStudioVersion = 10.0.40219.1
Project("{FAE04EC0-301F-11D3-BF4B-00C04F79EFBC}") = "lesson014", "lesson014.csproj", "{108C6076-69AB-4786-95A6-E024D3B28A1B}"
EndProject
Global
	GlobalSection(SolutionConfigurationPlatforms) = preSolution
		Debug|Any CPU = Debug|Any CPU
		Release|Any CPU = Release|Any CPU
	EndGlobalSection
	GlobalSection(ProjectConfigurationPlatforms) = postSolution
		{108C6076-69AB-4786-95A6-E024D3B28A1B}.Debug|Any CPU.ActiveCfg = Debug|Any CPU
		{108C6076-69AB-4786-95A6-E024D3B28A1B}.Debug|Any CPU.Build.0 = Debug|Any CPU
		{108C6076-69AB-4786-95A6-E024D3B28A1B}.Release|Any CPU.ActiveCfg = Release|Any CPU
		{108C6076-69AB-4786-95A6-E024D3B28A1B}.Release|Any CPU.Build.0 = Release|Any CPU
	EndGlobalSection
	GlobalSection(SolutionProperties) = preSolution
		HideSolutionNode = FALSE
	EndGlobalSection
	GlobalSection(ExtensibilityGlobals) = postSolution
		SolutionGuid = {D1F23EB1-B95D-48C0-BBD6-74F777022F6F}
	EndGlobalSection
EndGlobal
