
Microsoft Visual Studio Solution File, Format Version 12.00
# Visual Studio Version 17
VisualStudioVersion = 17.14.36623.8 d17.14
MinimumVisualStudioVersion = 10.0.40219.1
Project("{FAE04EC0-301F-11D3-BF4B-00C04F79EFBC}") = "lesson062", "lesson062.csproj", "{881CF65C-DE22-4FE3-BB11-29E38D74BBC0}"
EndProject
Global
	GlobalSection(SolutionConfigurationPlatforms) = preSolution
		Debug|Any CPU = Debug|Any CPU
		Release|Any CPU = Release|Any CPU
	EndGlobalSection
	GlobalSection(ProjectConfigurationPlatforms) = postSolution
		{881CF65C-DE22-4FE3-BB11-29E38D74BBC0}.Debug|Any CPU.ActiveCfg = Debug|Any CPU
		{881CF65C-DE22-4FE3-BB11-29E38D74BBC0}.Debug|Any CPU.Build.0 = Debug|Any CPU
		{881CF65C-DE22-4FE3-BB11-29E38D74BBC0}.Release|Any CPU.ActiveCfg = Release|Any CPU
		{881CF65C-DE22-4FE3-BB11-29E38D74BBC0}.Release|Any CPU.Build.0 = Release|Any CPU
	EndGlobalSection
	GlobalSection(SolutionProperties) = preSolution
		HideSolutionNode = FALSE
	EndGlobalSection
	GlobalSection(ExtensibilityGlobals) = postSolution
		SolutionGuid = {14944712-36BB-4042-8F6D-A7CEC177422E}
	EndGlobalSection
EndGlobal
