
Microsoft Visual Studio Solution File, Format Version 12.00
# Visual Studio Version 17
VisualStudioVersion = 17.14.36623.8 d17.14
MinimumVisualStudioVersion = 10.0.40219.1
Project("{FAE04EC0-301F-11D3-BF4B-00C04F79EFBC}") = "lesson026", "lesson026.csproj", "{92D571C1-52D6-4C3C-93EF-7DC582E62FFC}"
EndProject
Global
	GlobalSection(SolutionConfigurationPlatforms) = preSolution
		Debug|Any CPU = Debug|Any CPU
		Release|Any CPU = Release|Any CPU
	EndGlobalSection
	GlobalSection(ProjectConfigurationPlatforms) = postSolution
		{92D571C1-52D6-4C3C-93EF-7DC582E62FFC}.Debug|Any CPU.ActiveCfg = Debug|Any CPU
		{92D571C1-52D6-4C3C-93EF-7DC582E62FFC}.Debug|Any CPU.Build.0 = Debug|Any CPU
		{92D571C1-52D6-4C3C-93EF-7DC582E62FFC}.Release|Any CPU.ActiveCfg = Release|Any CPU
		{92D571C1-52D6-4C3C-93EF-7DC582E62FFC}.Release|Any CPU.Build.0 = Release|Any CPU
	EndGlobalSection
	GlobalSection(SolutionProperties) = preSolution
		HideSolutionNode = FALSE
	EndGlobalSection
	GlobalSection(ExtensibilityGlobals) = postSolution
		SolutionGuid = {ED1BD58C-0F18-451F-8816-741057356DF8}
	EndGlobalSection
EndGlobal
