
Microsoft Visual Studio Solution File, Format Version 12.00
# Visual Studio Version 17
VisualStudioVersion = 17.14.36623.8 d17.14
MinimumVisualStudioVersion = 10.0.40219.1
Project("{FAE04EC0-301F-11D3-BF4B-00C04F79EFBC}") = "lesson048", "lesson048.csproj", "{98E94B8A-CA9E-4365-931B-B3D467AF22BC}"
EndProject
Global
	GlobalSection(SolutionConfigurationPlatforms) = preSolution
		Debug|Any CPU = Debug|Any CPU
		Release|Any CPU = Release|Any CPU
	EndGlobalSection
	GlobalSection(ProjectConfigurationPlatforms) = postSolution
		{98E94B8A-CA9E-4365-931B-B3D467AF22BC}.Debug|Any CPU.ActiveCfg = Debug|Any CPU
		{98E94B8A-CA9E-4365-931B-B3D467AF22BC}.Debug|Any CPU.Build.0 = Debug|Any CPU
		{98E94B8A-CA9E-4365-931B-B3D467AF22BC}.Release|Any CPU.ActiveCfg = Release|Any CPU
		{98E94B8A-CA9E-4365-931B-B3D467AF22BC}.Release|Any CPU.Build.0 = Release|Any CPU
	EndGlobalSection
	GlobalSection(SolutionProperties) = preSolution
		HideSolutionNode = FALSE
	EndGlobalSection
	GlobalSection(ExtensibilityGlobals) = postSolution
		SolutionGuid = {8CEE06C0-45F7-4644-9490-00CBE88AFF79}
	EndGlobalSection
EndGlobal
