
Microsoft Visual Studio Solution File, Format Version 12.00
# Visual Studio Version 17
VisualStudioVersion = 17.14.36623.8 d17.14
MinimumVisualStudioVersion = 10.0.40219.1
Project("{FAE04EC0-301F-11D3-BF4B-00C04F79EFBC}") = "lesson001", "lesson001.csproj", "{28F28442-FF1E-41FC-A311-43D821D92598}"
EndProject
Global
	GlobalSection(SolutionConfigurationPlatforms) = preSolution
		Debug|Any CPU = Debug|Any CPU
		Release|Any CPU = Release|Any CPU
	EndGlobalSection
	GlobalSection(ProjectConfigurationPlatforms) = postSolution
		{28F28442-FF1E-41FC-A311-43D821D92598}.Debug|Any CPU.ActiveCfg = Debug|Any CPU
		{28F28442-FF1E-41FC-A311-43D821D92598}.Debug|Any CPU.Build.0 = Debug|Any CPU
		{28F28442-FF1E-41FC-A311-43D821D92598}.Release|Any CPU.ActiveCfg = Release|Any CPU
		{28F28442-FF1E-41FC-A311-43D821D92598}.Release|Any CPU.Build.0 = Release|Any CPU
	EndGlobalSection
	GlobalSection(SolutionProperties) = preSolution
		HideSolutionNode = FALSE
	EndGlobalSection
	GlobalSection(ExtensibilityGlobals) = postSolution
		SolutionGuid = {7CABAF09-D25F-4648-91D0-98B2A1CFC466}
	EndGlobalSection
EndGlobal
