
Microsoft Visual Studio Solution File, Format Version 12.00
# Visual Studio Version 17
VisualStudioVersion = 17.14.36623.8 d17.14
MinimumVisualStudioVersion = 10.0.40219.1
Project("{FAE04EC0-301F-11D3-BF4B-00C04F79EFBC}") = "lesson080", "lesson080.csproj", "{21A4F9F8-B194-491C-A219-178498A4ED52}"
EndProject
Global
	GlobalSection(SolutionConfigurationPlatforms) = preSolution
		Debug|Any CPU = Debug|Any CPU
		Release|Any CPU = Release|Any CPU
	EndGlobalSection
	GlobalSection(ProjectConfigurationPlatforms) = postSolution
		{21A4F9F8-B194-491C-A219-178498A4ED52}.Debug|Any CPU.ActiveCfg = Debug|Any CPU
		{21A4F9F8-B194-491C-A219-178498A4ED52}.Debug|Any CPU.Build.0 = Debug|Any CPU
		{21A4F9F8-B194-491C-A219-178498A4ED52}.Release|Any CPU.ActiveCfg = Release|Any CPU
		{21A4F9F8-B194-491C-A219-178498A4ED52}.Release|Any CPU.Build.0 = Release|Any CPU
	EndGlobalSection
	GlobalSection(SolutionProperties) = preSolution
		HideSolutionNode = FALSE
	EndGlobalSection
	GlobalSection(ExtensibilityGlobals) = postSolution
		SolutionGuid = {978997B1-7445-4F68-8E7A-B6ED4135AC16}
	EndGlobalSection
EndGlobal
