
Microsoft Visual Studio Solution File, Format Version 12.00
# Visual Studio Version 17
VisualStudioVersion = 17.14.36623.8 d17.14
MinimumVisualStudioVersion = 10.0.40219.1
Project("{FAE04EC0-301F-11D3-BF4B-00C04F79EFBC}") = "lesson139", "lesson139.csproj", "{FCF48D48-C0E2-4366-A6F2-B40DEFCA6C8A}"
EndProject
Global
	GlobalSection(SolutionConfigurationPlatforms) = preSolution
		Debug|Any CPU = Debug|Any CPU
		Release|Any CPU = Release|Any CPU
	EndGlobalSection
	GlobalSection(ProjectConfigurationPlatforms) = postSolution
		{FCF48D48-C0E2-4366-A6F2-B40DEFCA6C8A}.Debug|Any CPU.ActiveCfg = Debug|Any CPU
		{FCF48D48-C0E2-4366-A6F2-B40DEFCA6C8A}.Debug|Any CPU.Build.0 = Debug|Any CPU
		{FCF48D48-C0E2-4366-A6F2-B40DEFCA6C8A}.Release|Any CPU.ActiveCfg = Release|Any CPU
		{FCF48D48-C0E2-4366-A6F2-B40DEFCA6C8A}.Release|Any CPU.Build.0 = Release|Any CPU
	EndGlobalSection
	GlobalSection(SolutionProperties) = preSolution
		HideSolutionNode = FALSE
	EndGlobalSection
	GlobalSection(ExtensibilityGlobals) = postSolution
		SolutionGuid = {0248055B-AECD-4838-BA6B-27CEAA3404F4}
	EndGlobalSection
EndGlobal
