
Microsoft Visual Studio Solution File, Format Version 12.00
# Visual Studio Version 17
VisualStudioVersion = 17.14.36623.8 d17.14
MinimumVisualStudioVersion = 10.0.40219.1
Project("{FAE04EC0-301F-11D3-BF4B-00C04F79EFBC}") = "lesson050", "lesson050.csproj", "{A0F03DA5-A6B5-40FE-855A-22C22221FC85}"
EndProject
Global
	GlobalSection(SolutionConfigurationPlatforms) = preSolution
		Debug|Any CPU = Debug|Any CPU
		Release|Any CPU = Release|Any CPU
	EndGlobalSection
	GlobalSection(ProjectConfigurationPlatforms) = postSolution
		{A0F03DA5-A6B5-40FE-855A-22C22221FC85}.Debug|Any CPU.ActiveCfg = Debug|Any CPU
		{A0F03DA5-A6B5-40FE-855A-22C22221FC85}.Debug|Any CPU.Build.0 = Debug|Any CPU
		{A0F03DA5-A6B5-40FE-855A-22C22221FC85}.Release|Any CPU.ActiveCfg = Release|Any CPU
		{A0F03DA5-A6B5-40FE-855A-22C22221FC85}.Release|Any CPU.Build.0 = Release|Any CPU
	EndGlobalSection
	GlobalSection(SolutionProperties) = preSolution
		HideSolutionNode = FALSE
	EndGlobalSection
	GlobalSection(ExtensibilityGlobals) = postSolution
		SolutionGuid = {77F56754-EA68-44DA-881B-F6EF417515B7}
	EndGlobalSection
EndGlobal
