
Microsoft Visual Studio Solution File, Format Version 12.00
# Visual Studio Version 17
VisualStudioVersion = 17.14.36623.8 d17.14
MinimumVisualStudioVersion = 10.0.40219.1
Project("{FAE04EC0-301F-11D3-BF4B-00C04F79EFBC}") = "lesson036", "lesson036.csproj", "{555355C0-2728-496F-B68E-5013A44CF09D}"
EndProject
Global
	GlobalSection(SolutionConfigurationPlatforms) = preSolution
		Debug|Any CPU = Debug|Any CPU
		Release|Any CPU = Release|Any CPU
	EndGlobalSection
	GlobalSection(ProjectConfigurationPlatforms) = postSolution
		{555355C0-2728-496F-B68E-5013A44CF09D}.Debug|Any CPU.ActiveCfg = Debug|Any CPU
		{555355C0-2728-496F-B68E-5013A44CF09D}.Debug|Any CPU.Build.0 = Debug|Any CPU
		{555355C0-2728-496F-B68E-5013A44CF09D}.Release|Any CPU.ActiveCfg = Release|Any CPU
		{555355C0-2728-496F-B68E-5013A44CF09D}.Release|Any CPU.Build.0 = Release|Any CPU
	EndGlobalSection
	GlobalSection(SolutionProperties) = preSolution
		HideSolutionNode = FALSE
	EndGlobalSection
	GlobalSection(ExtensibilityGlobals) = postSolution
		SolutionGuid = {BDC59010-B8B1-45B0-8AE2-A3E2B700FE71}
	EndGlobalSection
EndGlobal
