
Microsoft Visual Studio Solution File, Format Version 12.00
# Visual Studio Version 17
VisualStudioVersion = 17.14.36623.8 d17.14
MinimumVisualStudioVersion = 10.0.40219.1
Project("{FAE04EC0-301F-11D3-BF4B-00C04F79EFBC}") = "lesson146", "lesson146.csproj", "{D545C8C5-B4D4-4A3A-BF2D-5E2AF6AAEDFA}"
EndProject
Global
	GlobalSection(SolutionConfigurationPlatforms) = preSolution
		Debug|Any CPU = Debug|Any CPU
		Release|Any CPU = Release|Any CPU
	EndGlobalSection
	GlobalSection(ProjectConfigurationPlatforms) = postSolution
		{D545C8C5-B4D4-4A3A-BF2D-5E2AF6AAEDFA}.Debug|Any CPU.ActiveCfg = Debug|Any CPU
		{D545C8C5-B4D4-4A3A-BF2D-5E2AF6AAEDFA}.Debug|Any CPU.Build.0 = Debug|Any CPU
		{D545C8C5-B4D4-4A3A-BF2D-5E2AF6AAEDFA}.Release|Any CPU.ActiveCfg = Release|Any CPU
		{D545C8C5-B4D4-4A3A-BF2D-5E2AF6AAEDFA}.Release|Any CPU.Build.0 = Release|Any CPU
	EndGlobalSection
	GlobalSection(SolutionProperties) = preSolution
		HideSolutionNode = FALSE
	EndGlobalSection
	GlobalSection(ExtensibilityGlobals) = postSolution
		SolutionGuid = {E5EC6708-FBC1-4098-95FC-B860D4EA216A}
	EndGlobalSection
EndGlobal
