
Microsoft Visual Studio Solution File, Format Version 12.00
# Visual Studio Version 17
VisualStudioVersion = 17.14.36623.8 d17.14
MinimumVisualStudioVersion = 10.0.40219.1
Project("{FAE04EC0-301F-11D3-BF4B-00C04F79EFBC}") = "lesson063", "lesson063.csproj", "{6F7B1426-44F3-4F9E-A68D-0B466765BE01}"
EndProject
Global
	GlobalSection(SolutionConfigurationPlatforms) = preSolution
		Debug|Any CPU = Debug|Any CPU
		Release|Any CPU = Release|Any CPU
	EndGlobalSection
	GlobalSection(ProjectConfigurationPlatforms) = postSolution
		{6F7B1426-44F3-4F9E-A68D-0B466765BE01}.Debug|Any CPU.ActiveCfg = Debug|Any CPU
		{6F7B1426-44F3-4F9E-A68D-0B466765BE01}.Debug|Any CPU.Build.0 = Debug|Any CPU
		{6F7B1426-44F3-4F9E-A68D-0B466765BE01}.Release|Any CPU.ActiveCfg = Release|Any CPU
		{6F7B1426-44F3-4F9E-A68D-0B466765BE01}.Release|Any CPU.Build.0 = Release|Any CPU
	EndGlobalSection
	GlobalSection(SolutionProperties) = preSolution
		HideSolutionNode = FALSE
	EndGlobalSection
	GlobalSection(ExtensibilityGlobals) = postSolution
		SolutionGuid = {FE0F8FFC-FF0D-40D1-BDC4-200A7E3BEEFF}
	EndGlobalSection
EndGlobal
