
Microsoft Visual Studio Solution File, Format Version 12.00
# Visual Studio Version 17
VisualStudioVersion = 17.14.36623.8 d17.14
MinimumVisualStudioVersion = 10.0.40219.1
Project("{FAE04EC0-301F-11D3-BF4B-00C04F79EFBC}") = "lesson128", "lesson128.csproj", "{1F33C925-BEF0-4C55-89D5-B531E79C6A29}"
EndProject
Global
	GlobalSection(SolutionConfigurationPlatforms) = preSolution
		Debug|Any CPU = Debug|Any CPU
		Release|Any CPU = Release|Any CPU
	EndGlobalSection
	GlobalSection(ProjectConfigurationPlatforms) = postSolution
		{1F33C925-BEF0-4C55-89D5-B531E79C6A29}.Debug|Any CPU.ActiveCfg = Debug|Any CPU
		{1F33C925-BEF0-4C55-89D5-B531E79C6A29}.Debug|Any CPU.Build.0 = Debug|Any CPU
		{1F33C925-BEF0-4C55-89D5-B531E79C6A29}.Release|Any CPU.ActiveCfg = Release|Any CPU
		{1F33C925-BEF0-4C55-89D5-B531E79C6A29}.Release|Any CPU.Build.0 = Release|Any CPU
	EndGlobalSection
	GlobalSection(SolutionProperties) = preSolution
		HideSolutionNode = FALSE
	EndGlobalSection
	GlobalSection(ExtensibilityGlobals) = postSolution
		SolutionGuid = {BCA244BB-F757-436C-8914-F8C2DD75C0CA}
	EndGlobalSection
EndGlobal
