
Microsoft Visual Studio Solution File, Format Version 12.00
# Visual Studio Version 17
VisualStudioVersion = 17.14.36623.8 d17.14
MinimumVisualStudioVersion = 10.0.40219.1
Project("{FAE04EC0-301F-11D3-BF4B-00C04F79EFBC}") = "lesson064", "lesson064.csproj", "{C025916F-B2E2-4BB6-BA3B-AA71B934DE3B}"
EndProject
Global
	GlobalSection(SolutionConfigurationPlatforms) = preSolution
		Debug|Any CPU = Debug|Any CPU
		Release|Any CPU = Release|Any CPU
	EndGlobalSection
	GlobalSection(ProjectConfigurationPlatforms) = postSolution
		{C025916F-B2E2-4BB6-BA3B-AA71B934DE3B}.Debug|Any CPU.ActiveCfg = Debug|Any CPU
		{C025916F-B2E2-4BB6-BA3B-AA71B934DE3B}.Debug|Any CPU.Build.0 = Debug|Any CPU
		{C025916F-B2E2-4BB6-BA3B-AA71B934DE3B}.Release|Any CPU.ActiveCfg = Release|Any CPU
		{C025916F-B2E2-4BB6-BA3B-AA71B934DE3B}.Release|Any CPU.Build.0 = Release|Any CPU
	EndGlobalSection
	GlobalSection(SolutionProperties) = preSolution
		HideSolutionNode = FALSE
	EndGlobalSection
	GlobalSection(ExtensibilityGlobals) = postSolution
		SolutionGuid = {3849175C-6C92-4B94-84DD-0B46D4FDEAE8}
	EndGlobalSection
EndGlobal
