
Microsoft Visual Studio Solution File, Format Version 12.00
# Visual Studio Version 17
VisualStudioVersion = 17.14.36623.8 d17.14
MinimumVisualStudioVersion = 10.0.40219.1
Project("{FAE04EC0-301F-11D3-BF4B-00C04F79EFBC}") = "lesson047", "lesson047.csproj", "{D8BB996F-ABF7-4E2C-94A4-FF517A5CB1A1}"
EndProject
Global
	GlobalSection(SolutionConfigurationPlatforms) = preSolution
		Debug|Any CPU = Debug|Any CPU
		Release|Any CPU = Release|Any CPU
	EndGlobalSection
	GlobalSection(ProjectConfigurationPlatforms) = postSolution
		{D8BB996F-ABF7-4E2C-94A4-FF517A5CB1A1}.Debug|Any CPU.ActiveCfg = Debug|Any CPU
		{D8BB996F-ABF7-4E2C-94A4-FF517A5CB1A1}.Debug|Any CPU.Build.0 = Debug|Any CPU
		{D8BB996F-ABF7-4E2C-94A4-FF517A5CB1A1}.Release|Any CPU.ActiveCfg = Release|Any CPU
		{D8BB996F-ABF7-4E2C-94A4-FF517A5CB1A1}.Release|Any CPU.Build.0 = Release|Any CPU
	EndGlobalSection
	GlobalSection(SolutionProperties) = preSolution
		HideSolutionNode = FALSE
	EndGlobalSection
	GlobalSection(ExtensibilityGlobals) = postSolution
		SolutionGuid = {01A68E50-5B2B-4476-BB1F-B34C040E06F5}
	EndGlobalSection
EndGlobal
