
Microsoft Visual Studio Solution File, Format Version 12.00
# Visual Studio Version 17
VisualStudioVersion = 17.14.36623.8 d17.14
MinimumVisualStudioVersion = 10.0.40219.1
Project("{FAE04EC0-301F-11D3-BF4B-00C04F79EFBC}") = "lesson153", "lesson153.csproj", "{A1B4B70B-49A1-468D-A1F3-9A5723A43C01}"
EndProject
Global
	GlobalSection(SolutionConfigurationPlatforms) = preSolution
		Debug|Any CPU = Debug|Any CPU
		Release|Any CPU = Release|Any CPU
	EndGlobalSection
	GlobalSection(ProjectConfigurationPlatforms) = postSolution
		{A1B4B70B-49A1-468D-A1F3-9A5723A43C01}.Debug|Any CPU.ActiveCfg = Debug|Any CPU
		{A1B4B70B-49A1-468D-A1F3-9A5723A43C01}.Debug|Any CPU.Build.0 = Debug|Any CPU
		{A1B4B70B-49A1-468D-A1F3-9A5723A43C01}.Release|Any CPU.ActiveCfg = Release|Any CPU
		{A1B4B70B-49A1-468D-A1F3-9A5723A43C01}.Release|Any CPU.Build.0 = Release|Any CPU
	EndGlobalSection
	GlobalSection(SolutionProperties) = preSolution
		HideSolutionNode = FALSE
	EndGlobalSection
	GlobalSection(ExtensibilityGlobals) = postSolution
		SolutionGuid = {5118AD4D-5F3A-465C-B4DD-A390D6AADCCC}
	EndGlobalSection
EndGlobal
