
Microsoft Visual Studio Solution File, Format Version 12.00
# Visual Studio Version 17
VisualStudioVersion = 17.14.36623.8 d17.14
MinimumVisualStudioVersion = 10.0.40219.1
Project("{FAE04EC0-301F-11D3-BF4B-00C04F79EFBC}") = "lesson043", "lesson043.csproj", "{061D47B4-1F66-49C7-B7B8-3CDC90E99E79}"
EndProject
Global
	GlobalSection(SolutionConfigurationPlatforms) = preSolution
		Debug|Any CPU = Debug|Any CPU
		Release|Any CPU = Release|Any CPU
	EndGlobalSection
	GlobalSection(ProjectConfigurationPlatforms) = postSolution
		{061D47B4-1F66-49C7-B7B8-3CDC90E99E79}.Debug|Any CPU.ActiveCfg = Debug|Any CPU
		{061D47B4-1F66-49C7-B7B8-3CDC90E99E79}.Debug|Any CPU.Build.0 = Debug|Any CPU
		{061D47B4-1F66-49C7-B7B8-3CDC90E99E79}.Release|Any CPU.ActiveCfg = Release|Any CPU
		{061D47B4-1F66-49C7-B7B8-3CDC90E99E79}.Release|Any CPU.Build.0 = Release|Any CPU
	EndGlobalSection
	GlobalSection(SolutionProperties) = preSolution
		HideSolutionNode = FALSE
	EndGlobalSection
	GlobalSection(ExtensibilityGlobals) = postSolution
		SolutionGuid = {E2CA7288-EB55-464D-A498-B6415F6773EA}
	EndGlobalSection
EndGlobal
