
Microsoft Visual Studio Solution File, Format Version 12.00
# Visual Studio Version 17
VisualStudioVersion = 17.14.36623.8 d17.14
MinimumVisualStudioVersion = 10.0.40219.1
Project("{FAE04EC0-301F-11D3-BF4B-00C04F79EFBC}") = "lesson105", "lesson105.csproj", "{281DC98D-6E36-4072-827B-2B669F6DC9EE}"
EndProject
Global
	GlobalSection(SolutionConfigurationPlatforms) = preSolution
		Debug|Any CPU = Debug|Any CPU
		Release|Any CPU = Release|Any CPU
	EndGlobalSection
	GlobalSection(ProjectConfigurationPlatforms) = postSolution
		{281DC98D-6E36-4072-827B-2B669F6DC9EE}.Debug|Any CPU.ActiveCfg = Debug|Any CPU
		{281DC98D-6E36-4072-827B-2B669F6DC9EE}.Debug|Any CPU.Build.0 = Debug|Any CPU
		{281DC98D-6E36-4072-827B-2B669F6DC9EE}.Release|Any CPU.ActiveCfg = Release|Any CPU
		{281DC98D-6E36-4072-827B-2B669F6DC9EE}.Release|Any CPU.Build.0 = Release|Any CPU
	EndGlobalSection
	GlobalSection(SolutionProperties) = preSolution
		HideSolutionNode = FALSE
	EndGlobalSection
	GlobalSection(ExtensibilityGlobals) = postSolution
		SolutionGuid = {2D524089-D702-470C-A86D-D7445045C952}
	EndGlobalSection
EndGlobal
